{
    "_meta": {
        "hash": {
            "sha256": "ef6156da1ad7f69caf620553b6c3a301c0c4df653f3453be6651d7070172da06"
        },
        "pipfile-spec": 6,
        "requires": {
            "python_version": "3.12"
        },
        "sources": [
            {
                "name": "pypi",
                "url": "https://pypi.org/simple",
                "verify_ssl": true
            }
        ]
    },
    "default": {
        "asgiref": {
            "hashes": [
                "sha256:3e1e3ecc849832fe52ccf2cb6686b7a55f82bb1d6aee72a58826471390335e47",
                "sha256:c343bd80a0bec947a9860adb4c432ffa7db769836c64238fc34bdc3fec84d590"
            ],
            "markers": "python_version >= '3.8'",
            "version": "==3.8.1"
        },
        "django": {
            "hashes": [
                "sha256:ad33ed68db9398f5dfb33282704925bce044bef4261cd4fb59e4e7f9ae505a78",
                "sha256:c36e2ab12824e2ac36afa8b2515a70c53c7742f0d6eaefa7311ec379558db997"
            ],
            "index": "pypi",
            "markers": "python_version >= '3.8'",
            "version": "==4.2"
        },
        "django-etc": {
            "hashes": [
                "sha256:61aee75a97ef868830260de86f2a69896992776c325624c46827c831101cbd9f",
                "sha256:fa7dbcdba5d0dd3b42eac54463fe24a9e1202a1492ecbf50ed0bc1555074af8f"
            ],
            "version": "==1.4.0"
        },
        "django-hitcount": {
            "hashes": [
                "sha256:5fe70720a75e49bfcee5c4312a7df989bb9e22848039bba1de4406f96fb9cf4d",
                "sha256:b04debff8fd7fe2d255e1d357c27f838aa45c54ed1835b3fd01af30df5319756"
            ],
            "index": "pypi",
            "version": "==1.3.5"
        },
        "django-modeltranslation": {
            "hashes": [
                "sha256:6f42811876cb36370a2a727f4669bf9fa086d3c2efad573aedf49f339ba48cd1",
                "sha256:d3a48c4b0e2a8033fc53a4e4d4d8c27c52e81bfbf00ae65fc76bd4ef64177d5b"
            ],
            "index": "pypi",
            "version": "==0.19.12"
        },
        "python-decouple": {
            "hashes": [
                "sha256:ba6e2657d4f376ecc46f77a3a615e058d93ba5e465c01bbe57289bfb7cce680f",
                "sha256:d0d45340815b25f4de59c974b855bb38d03151d81b037d9e3f463b0c9f8cbd66"
            ],
            "index": "pypi",
            "version": "==3.8"
        },
        "sqlparse": {
            "hashes": [
                "sha256:09f67787f56a0b16ecdbde1bfc7f5d9c3371ca683cfeaa8e6ff60b4807ec9272",
                "sha256:cf2196ed3418f3ba5de6af7e82c694a9fbdbfecccdfc72e281548517081f16ca"
            ],
            "markers": "python_version >= '3.8'",
            "version": "==0.5.3"
        },
        "whitenoise": {
            "hashes": [
                "sha256:486bd7267a375fa9650b136daaec156ac572971acc8bf99add90817a530dd1d4",
                "sha256:df12dce147a043d1956d81d288c6f0044147c6d2ab9726e5772ac50fb45d2280"
            ],
            "index": "pypi",
            "markers": "python_version >= '3.9'",
            "version": "==6.8.2"
        }
    },
    "develop": {}
}
